
Microsoft Visual Studio Solution File, Format Version 12.00
# Visual Studio Version 17
VisualStudioVersion = 17.8.34322.80
MinimumVisualStudioVersion = 10.0.40219.1
Project("{FAE04EC0-301F-11D3-BF4B-00C04F79EFBC}") = "WebApplication1", "WebApplication1\WebApplication1.csproj", "{B8C9E9DD-431F-40F9-A64B-7C1B4FFF11E0}"
EndProject
Global
	GlobalSection(SolutionConfigurationPlatforms) = preSolution
		Debug|Any CPU = Debug|Any CPU
		Release|Any CPU = Release|Any CPU
	EndGlobalSection
	GlobalSection(ProjectConfigurationPlatforms) = postSolution
		{B8C9E9DD-431F-40F9-A64B-7C1B4FFF11E0}.Debug|Any CPU.ActiveCfg = Debug|Any CPU
		{B8C9E9DD-431F-40F9-A64B-7C1B4FFF11E0}.Debug|Any CPU.Build.0 = Debug|Any CPU
		{B8C9E9DD-431F-40F9-A64B-7C1B4FFF11E0}.Release|Any CPU.ActiveCfg = Release|Any CPU
		{B8C9E9DD-431F-40F9-A64B-7C1B4FFF11E0}.Release|Any CPU.Build.0 = Release|Any CPU
	EndGlobalSection
	GlobalSection(SolutionProperties) = preSolution
		HideSolutionNode = FALSE
	EndGlobalSection
	GlobalSection(ExtensibilityGlobals) = postSolution
		SolutionGuid = {53CC65DA-358B-4C56-B0B0-D8D63BC9E6AF}
	EndGlobalSection
EndGlobal
