
Microsoft Visual Studio Solution File, Format Version 12.00
# Visual Studio Version 17
VisualStudioVersion = 17.8.34322.80
MinimumVisualStudioVersion = 10.0.40219.1
Project("{FAE04EC0-301F-11D3-BF4B-00C04F79EFBC}") = "Local_SearchEngine", "Local_SearchEngine\Local_SearchEngine.csproj", "{1CE6C1F5-CE80-42CC-9FB5-7A147D69FF05}"
EndProject
Project("{2150E333-8FDC-42A3-9474-1A3956D46DE8}") = "Solution Items", "Solution Items", "{FD592487-B629-43D3-9D0C-12F47EDA94E1}"
	ProjectSection(SolutionItems) = preProject
		.editorconfig = .editorconfig
	EndProjectSection
EndProject
Global
	GlobalSection(SolutionConfigurationPlatforms) = preSolution
		Debug|Any CPU = Debug|Any CPU
		Release|Any CPU = Release|Any CPU
	EndGlobalSection
	GlobalSection(ProjectConfigurationPlatforms) = postSolution
		{1CE6C1F5-CE80-42CC-9FB5-7A147D69FF05}.Debug|Any CPU.ActiveCfg = Debug|Any CPU
		{1CE6C1F5-CE80-42CC-9FB5-7A147D69FF05}.Debug|Any CPU.Build.0 = Debug|Any CPU
		{1CE6C1F5-CE80-42CC-9FB5-7A147D69FF05}.Release|Any CPU.ActiveCfg = Release|Any CPU
		{1CE6C1F5-CE80-42CC-9FB5-7A147D69FF05}.Release|Any CPU.Build.0 = Release|Any CPU
	EndGlobalSection
	GlobalSection(SolutionProperties) = preSolution
		HideSolutionNode = FALSE
	EndGlobalSection
	GlobalSection(ExtensibilityGlobals) = postSolution
		SolutionGuid = {B97751A9-E855-4067-9D0A-2C1E002248B0}
	EndGlobalSection
EndGlobal
