
Microsoft Visual Studio Solution File, Format Version 12.00
# Visual Studio Version 17
VisualStudioVersion = 17.8.34322.80
MinimumVisualStudioVersion = 10.0.40219.1
Project("{FAE04EC0-301F-11D3-BF4B-00C04F79EFBC}") = "Web Browser Application", "Web Browser Application.csproj", "{F323A26A-45F5-4BFD-A113-D9B9A74C6833}"
EndProject
Global
	GlobalSection(SolutionConfigurationPlatforms) = preSolution
		Debug|Any CPU = Debug|Any CPU
		Release|Any CPU = Release|Any CPU
	EndGlobalSection
	GlobalSection(ProjectConfigurationPlatforms) = postSolution
		{F323A26A-45F5-4BFD-A113-D9B9A74C6833}.Debug|Any CPU.ActiveCfg = Debug|Any CPU
		{F323A26A-45F5-4BFD-A113-D9B9A74C6833}.Debug|Any CPU.Build.0 = Debug|Any CPU
		{F323A26A-45F5-4BFD-A113-D9B9A74C6833}.Release|Any CPU.ActiveCfg = Release|Any CPU
		{F323A26A-45F5-4BFD-A113-D9B9A74C6833}.Release|Any CPU.Build.0 = Release|Any CPU
	EndGlobalSection
	GlobalSection(SolutionProperties) = preSolution
		HideSolutionNode = FALSE
	EndGlobalSection
	GlobalSection(ExtensibilityGlobals) = postSolution
		SolutionGuid = {59ADD2A3-D335-4827-875B-0EBB3A46C429}
	EndGlobalSection
EndGlobal
